
Microsoft Visual Studio Solution File, Format Version 12.00
# Visual Studio Version 17
VisualStudioVersion = 17.2.32526.322
MinimumVisualStudioVersion = 10.0.40219.1
Project("{9A19103F-16F7-4668-BE54-9A1E7A4F7556}") = "REST", "REST\REST.csproj", "{AD2BF8C4-AD5B-49D6-919A-F49EDF7DA0FE}"
EndProject
Global
	GlobalSection(SolutionConfigurationPlatforms) = preSolution
		Debug|Any CPU = Debug|Any CPU
		Release|Any CPU = Release|Any CPU
	EndGlobalSection
	GlobalSection(ProjectConfigurationPlatforms) = postSolution
		{AD2BF8C4-AD5B-49D6-919A-F49EDF7DA0FE}.Debug|Any CPU.ActiveCfg = Debug|Any CPU
		{AD2BF8C4-AD5B-49D6-919A-F49EDF7DA0FE}.Debug|Any CPU.Build.0 = Debug|Any CPU
		{AD2BF8C4-AD5B-49D6-919A-F49EDF7DA0FE}.Release|Any CPU.ActiveCfg = Release|Any CPU
		{AD2BF8C4-AD5B-49D6-919A-F49EDF7DA0FE}.Release|Any CPU.Build.0 = Release|Any CPU
	EndGlobalSection
	GlobalSection(SolutionProperties) = preSolution
		HideSolutionNode = FALSE
	EndGlobalSection
	GlobalSection(ExtensibilityGlobals) = postSolution
		SolutionGuid = {157F73F8-3F19-49B8-8CE0-1B63DC359F27}
	EndGlobalSection
EndGlobal
